
Microsoft Visual Studio Solution File, Format Version 12.00
# Visual Studio 15
VisualStudioVersion = 15.0.26730.15
MinimumVisualStudioVersion = 10.0.40219.1
Project("{FAE04EC0-301F-11D3-BF4B-00C04F79EFBC}") = "M2ICarsWPF", "M2ICarsWPF\M2ICarsWPF.csproj", "{3042A73F-E0D8-42AA-B526-EECC84202C6B}"
EndProject
Project("{FAE04EC0-301F-11D3-BF4B-00C04F79EFBC}") = "M2ICarsASP", "M2ICarsASP\M2ICarsASP.csproj", "{3051CCF7-8E64-415D-B623-98D988BB4612}"
EndProject
Project("{FAE04EC0-301F-11D3-BF4B-00C04F79EFBC}") = "M2ICarsAPI", "M2ICarsAPI\M2ICarsAPI.csproj", "{F95ACB3A-5C82-4F8F-ACC0-6C58340195D3}"
EndProject
Project("{FAE04EC0-301F-11D3-BF4B-00C04F79EFBC}") = "M2ICarsDAO", "M2ICarsDAO\M2ICarsDAO.csproj", "{BDA6B546-533B-4CC0-9A55-9E0DE3301683}"
EndProject
Global
	GlobalSection(SolutionConfigurationPlatforms) = preSolution
		Debug|Any CPU = Debug|Any CPU
		Release|Any CPU = Release|Any CPU
	EndGlobalSection
	GlobalSection(ProjectConfigurationPlatforms) = postSolution
		{3042A73F-E0D8-42AA-B526-EECC84202C6B}.Debug|Any CPU.ActiveCfg = Debug|Any CPU
		{3042A73F-E0D8-42AA-B526-EECC84202C6B}.Debug|Any CPU.Build.0 = Debug|Any CPU
		{3042A73F-E0D8-42AA-B526-EECC84202C6B}.Release|Any CPU.ActiveCfg = Release|Any CPU
		{3042A73F-E0D8-42AA-B526-EECC84202C6B}.Release|Any CPU.Build.0 = Release|Any CPU
		{3051CCF7-8E64-415D-B623-98D988BB4612}.Debug|Any CPU.ActiveCfg = Debug|Any CPU
		{3051CCF7-8E64-415D-B623-98D988BB4612}.Debug|Any CPU.Build.0 = Debug|Any CPU
		{3051CCF7-8E64-415D-B623-98D988BB4612}.Release|Any CPU.ActiveCfg = Release|Any CPU
		{3051CCF7-8E64-415D-B623-98D988BB4612}.Release|Any CPU.Build.0 = Release|Any CPU
		{F95ACB3A-5C82-4F8F-ACC0-6C58340195D3}.Debug|Any CPU.ActiveCfg = Debug|Any CPU
		{F95ACB3A-5C82-4F8F-ACC0-6C58340195D3}.Debug|Any CPU.Build.0 = Debug|Any CPU
		{F95ACB3A-5C82-4F8F-ACC0-6C58340195D3}.Release|Any CPU.ActiveCfg = Release|Any CPU
		{F95ACB3A-5C82-4F8F-ACC0-6C58340195D3}.Release|Any CPU.Build.0 = Release|Any CPU
		{BDA6B546-533B-4CC0-9A55-9E0DE3301683}.Debug|Any CPU.ActiveCfg = Debug|Any CPU
		{BDA6B546-533B-4CC0-9A55-9E0DE3301683}.Debug|Any CPU.Build.0 = Debug|Any CPU
		{BDA6B546-533B-4CC0-9A55-9E0DE3301683}.Release|Any CPU.ActiveCfg = Release|Any CPU
		{BDA6B546-533B-4CC0-9A55-9E0DE3301683}.Release|Any CPU.Build.0 = Release|Any CPU
	EndGlobalSection
	GlobalSection(SolutionProperties) = preSolution
		HideSolutionNode = FALSE
	EndGlobalSection
	GlobalSection(ExtensibilityGlobals) = postSolution
		SolutionGuid = {C9C802A8-93DE-4181-97E1-DA8A2DF1F036}
	EndGlobalSection
EndGlobal
